
Microsoft Visual Studio Solution File, Format Version 12.00
# Visual Studio 15
VisualStudioVersion = 15.0.27004.2005
MinimumVisualStudioVersion = 10.0.40219.1
Project("{FAE04EC0-301F-11D3-BF4B-00C04F79EFBC}") = "Module_1-Lab_1", "Module_1-Lab_1\Module_1-Lab_1.csproj", "{F9C7FA16-083F-47F7-8CD0-E312209CBA22}"
EndProject
Global
	GlobalSection(SolutionConfigurationPlatforms) = preSolution
		Debug|Any CPU = Debug|Any CPU
		Release|Any CPU = Release|Any CPU
	EndGlobalSection
	GlobalSection(ProjectConfigurationPlatforms) = postSolution
		{F9C7FA16-083F-47F7-8CD0-E312209CBA22}.Debug|Any CPU.ActiveCfg = Debug|Any CPU
		{F9C7FA16-083F-47F7-8CD0-E312209CBA22}.Debug|Any CPU.Build.0 = Debug|Any CPU
		{F9C7FA16-083F-47F7-8CD0-E312209CBA22}.Release|Any CPU.ActiveCfg = Release|Any CPU
		{F9C7FA16-083F-47F7-8CD0-E312209CBA22}.Release|Any CPU.Build.0 = Release|Any CPU
	EndGlobalSection
	GlobalSection(SolutionProperties) = preSolution
		HideSolutionNode = FALSE
	EndGlobalSection
	GlobalSection(ExtensibilityGlobals) = postSolution
		SolutionGuid = {29E30ECC-3E53-4D47-9C5A-D5EC7C027A3A}
	EndGlobalSection
EndGlobal
